lockfileVersion: '9.0'

settings:
  autoInstallPeers: true
  excludeLinksFromLockfile: false

importers:

  .:
    dependencies:
      joi:
        specifier: ^18.2.3
        version: 18.2.3

packages:

  '@hapi/address@5.1.1':
    resolution: {integrity: sha512-A+po2d/dVoY7cYajycYI43ZbYMXukuopIsqCjh5QzsBCipDtdofHntljDlpccMjIfTy6UOkg+5KPriwYch2bXA==}
    engines: {node: '>=14.0.0'}

  '@hapi/formula@3.0.2':
    resolution: {integrity: sha512-hY5YPNXzw1He7s0iqkRQi+uMGh383CGdyyIGYtB+W5N3KHPXoqychklvHhKCC9M3Xtv0OCs/IHw+r4dcHtBYWw==}

  '@hapi/hoek@11.0.7':
    resolution: {integrity: sha512-HV5undWkKzcB4RZUusqOpcgxOaq6VOAH7zhhIr2g3G8NF/MlFO75SjOr2NfuSx0Mh40+1FqCkagKLJRykUWoFQ==}

  '@hapi/pinpoint@2.0.1':
    resolution: {integrity: sha512-EKQmr16tM8s16vTT3cA5L0kZZcTMU5DUOZTuvpnY738m+jyP3JIUj+Mm1xc1rsLkGBQ/gVnfKYPwOmPg1tUR4Q==}

  '@hapi/tlds@1.1.7':
    resolution: {integrity: sha512-MgNjRwy9Ti92yVAixLmDc8dd1bJIKwO9qlWCfFQRwRmUEDPQHYn4G6hwPFvFGUTzAa0FsS+inMjLin7GnyBRhA==}
    engines: {node: '>=14.0.0'}

  '@hapi/topo@6.0.2':
    resolution: {integrity: sha512-KR3rD5inZbGMrHmgPxsJ9dbi6zEK+C3ZwUwTa+eMwWLz7oijWUTWD2pMSNNYJAU6Qq+65NkxXjqHr/7LM2Xkqg==}

  '@standard-schema/spec@1.1.0':
    resolution: {integrity: sha512-l2aFy5jALhniG5HgqrD6jXLi/rUWrKvqN/qJx6yoJsgKhblVd+iqqU4RCXavm/jPityDo5TCvKMnpjKnOriy0w==}

  joi@18.2.3:
    resolution: {integrity: sha512-N5A3KTWQpPWT4ExxxPlUx7WmykGXRzhNidWhV41d6Abu9YfI2NyWCJuxdPnslJCPWtbRpSVOWSnSS6GakLM/Rg==}
    engines: {node: '>= 20'}

snapshots:

  '@hapi/address@5.1.1':
    dependencies:
      '@hapi/hoek': 11.0.7

  '@hapi/formula@3.0.2': {}

  '@hapi/hoek@11.0.7': {}

  '@hapi/pinpoint@2.0.1': {}

  '@hapi/tlds@1.1.7': {}

  '@hapi/topo@6.0.2':
    dependencies:
      '@hapi/hoek': 11.0.7

  '@standard-schema/spec@1.1.0': {}

  joi@18.2.3:
    dependencies:
      '@hapi/address': 5.1.1
      '@hapi/formula': 3.0.2
      '@hapi/hoek': 11.0.7
      '@hapi/pinpoint': 2.0.1
      '@hapi/tlds': 1.1.7
      '@hapi/topo': 6.0.2
      '@standard-schema/spec': 1.1.0
